uuid: 62edc893-41b9-4821-b8a4-eea8048b1044
langcode: en
status: true
dependencies:
  config:
    - field.storage.node.field_living_rooms_views_block
    - node.type.page
  module:
    - entity_reference_revisions
id: node.page.field_living_rooms_views_block
field_name: field_living_rooms_views_block
entity_type: node
bundle: page
label: 'living rooms views block'
description: ''
required: false
translatable: false
default_value: {  }
default_value_callback: ''
settings:
  handler: 'default:block_content'
  handler_settings: {  }
field_type: entity_reference_revisions
